
Microsoft Visual Studio Solution File, Format Version 12.00
# Visual Studio 15
Project("{FAE04EC0-301F-11D3-BF4B-00C04F79EFBC}") = "UnityEngine.UI", "UnityEngine.UI.csproj", "{A0299E22-C2AA-8D7F-A4FF-48C2D1DCDACB}"
EndProject
Project("{FAE04EC0-301F-11D3-BF4B-00C04F79EFBC}") = "Assembly-CSharp", "Assembly-CSharp.csproj", "{F934B878-2953-34E6-8431-FCE7883F4F1D}"
EndProject
Project("{FAE04EC0-301F-11D3-BF4B-00C04F79EFBC}") = "UnityEditor.UI", "UnityEditor.UI.csproj", "{FBCEBC9E-5A80-AFAF-D3DB-4740D07C6088}"
EndProject
Project("{FAE04EC0-301F-11D3-BF4B-00C04F79EFBC}") = "UnityEngine.UI", "UnityEngine.UI.Player.csproj", "{22B6D560-2873-8104-66D1-E28173A3BF80}"
EndProject
Project("{FAE04EC0-301F-11D3-BF4B-00C04F79EFBC}") = "Assembly-CSharp", "Assembly-CSharp.Player.csproj", "{38C95854-21B5-6071-BD15-EB15D1F3870D}"
EndProject
Global
	GlobalSection(SolutionConfigurationPlatforms) = preSolution
		Debug|Any CPU = Debug|Any CPU
		Release|Any CPU = Release|Any CPU
	EndGlobalSection
	GlobalSection(ProjectConfigurationPlatforms) = postSolution
		{A0299E22-C2AA-8D7F-A4FF-48C2D1DCDACB}.Debug|Any CPU.ActiveCfg = Debug|Any CPU
		{A0299E22-C2AA-8D7F-A4FF-48C2D1DCDACB}.Debug|Any CPU.Build.0 = Debug|Any CPU
		{A0299E22-C2AA-8D7F-A4FF-48C2D1DCDACB}.Release|Any CPU.ActiveCfg = Release|Any CPU
		{A0299E22-C2AA-8D7F-A4FF-48C2D1DCDACB}.Release|Any CPU.Build.0 = Release|Any CPU
		{F934B878-2953-34E6-8431-FCE7883F4F1D}.Debug|Any CPU.ActiveCfg = Debug|Any CPU
		{F934B878-2953-34E6-8431-FCE7883F4F1D}.Debug|Any CPU.Build.0 = Debug|Any CPU
		{F934B878-2953-34E6-8431-FCE7883F4F1D}.Release|Any CPU.ActiveCfg = Release|Any CPU
		{F934B878-2953-34E6-8431-FCE7883F4F1D}.Release|Any CPU.Build.0 = Release|Any CPU
		{FBCEBC9E-5A80-AFAF-D3DB-4740D07C6088}.Debug|Any CPU.ActiveCfg = Debug|Any CPU
		{FBCEBC9E-5A80-AFAF-D3DB-4740D07C6088}.Debug|Any CPU.Build.0 = Debug|Any CPU
		{FBCEBC9E-5A80-AFAF-D3DB-4740D07C6088}.Release|Any CPU.ActiveCfg = Release|Any CPU
		{FBCEBC9E-5A80-AFAF-D3DB-4740D07C6088}.Release|Any CPU.Build.0 = Release|Any CPU
		{22B6D560-2873-8104-66D1-E28173A3BF80}.Debug|Any CPU.ActiveCfg = Debug|Any CPU
		{22B6D560-2873-8104-66D1-E28173A3BF80}.Debug|Any CPU.Build.0 = Debug|Any CPU
		{22B6D560-2873-8104-66D1-E28173A3BF80}.Release|Any CPU.ActiveCfg = Release|Any CPU
		{22B6D560-2873-8104-66D1-E28173A3BF80}.Release|Any CPU.Build.0 = Release|Any CPU
		{38C95854-21B5-6071-BD15-EB15D1F3870D}.Debug|Any CPU.ActiveCfg = Debug|Any CPU
		{38C95854-21B5-6071-BD15-EB15D1F3870D}.Debug|Any CPU.Build.0 = Debug|Any CPU
		{38C95854-21B5-6071-BD15-EB15D1F3870D}.Release|Any CPU.ActiveCfg = Release|Any CPU
		{38C95854-21B5-6071-BD15-EB15D1F3870D}.Release|Any CPU.Build.0 = Release|Any CPU
	EndGlobalSection
	GlobalSection(SolutionProperties) = preSolution
		HideSolutionNode = FALSE
	EndGlobalSection
EndGlobal
